
Microsoft Visual Studio Solution File, Format Version 12.00
# Visual Studio Version 17
VisualStudioVersion = 17.10.34916.146
MinimumVisualStudioVersion = 10.0.40219.1
Project("{FAE04EC0-301F-11D3-BF4B-00C04F79EFBC}") = "FMS.Data", "FMS.Data\FMS.Data.csproj", "{FC2A7561-B6AD-4051-9784-75675FA06BA5}"
EndProject
Project("{FAE04EC0-301F-11D3-BF4B-00C04F79EFBC}") = "FMS.Business", "FMS.Business\FMS.Business.csproj", "{A40EBF79-00DB-4B7C-824E-9AF4DC177100}"
EndProject
Project("{FAE04EC0-301F-11D3-BF4B-00C04F79EFBC}") = "FMS.API", "FMS.API\FMS.API.csproj", "{3BF4EB48-53DC-4408-9411-F87AE01A0B31}"
EndProject
Global
	GlobalSection(SolutionConfigurationPlatforms) = preSolution
		Debug|Any CPU = Debug|Any CPU
		Release|Any CPU = Release|Any CPU
	EndGlobalSection
	GlobalSection(ProjectConfigurationPlatforms) = postSolution
		{FC2A7561-B6AD-4051-9784-75675FA06BA5}.Debug|Any CPU.ActiveCfg = Debug|Any CPU
		{FC2A7561-B6AD-4051-9784-75675FA06BA5}.Debug|Any CPU.Build.0 = Debug|Any CPU
		{FC2A7561-B6AD-4051-9784-75675FA06BA5}.Release|Any CPU.ActiveCfg = Release|Any CPU
		{FC2A7561-B6AD-4051-9784-75675FA06BA5}.Release|Any CPU.Build.0 = Release|Any CPU
		{A40EBF79-00DB-4B7C-824E-9AF4DC177100}.Debug|Any CPU.ActiveCfg = Debug|Any CPU
		{A40EBF79-00DB-4B7C-824E-9AF4DC177100}.Debug|Any CPU.Build.0 = Debug|Any CPU
		{A40EBF79-00DB-4B7C-824E-9AF4DC177100}.Release|Any CPU.ActiveCfg = Release|Any CPU
		{A40EBF79-00DB-4B7C-824E-9AF4DC177100}.Release|Any CPU.Build.0 = Release|Any CPU
		{3BF4EB48-53DC-4408-9411-F87AE01A0B31}.Debug|Any CPU.ActiveCfg = Debug|Any CPU
		{3BF4EB48-53DC-4408-9411-F87AE01A0B31}.Debug|Any CPU.Build.0 = Debug|Any CPU
		{3BF4EB48-53DC-4408-9411-F87AE01A0B31}.Release|Any CPU.ActiveCfg = Release|Any CPU
		{3BF4EB48-53DC-4408-9411-F87AE01A0B31}.Release|Any CPU.Build.0 = Release|Any CPU
	EndGlobalSection
	GlobalSection(SolutionProperties) = preSolution
		HideSolutionNode = FALSE
	EndGlobalSection
	GlobalSection(ExtensibilityGlobals) = postSolution
		SolutionGuid = {83D9B8DF-EB20-4504-B1B4-2724920AE79B}
	EndGlobalSection
EndGlobal
